
Microsoft Visual Studio Solution File, Format Version 12.00
# Visual Studio Version 16
VisualStudioVersion = 16.0.29411.108
MinimumVisualStudioVersion = 10.0.40219.1
Project("{D954291E-2A0B-460D-934E-DC6B0785DB48}") = "Ocph.DAL.Source", "Ocph.DAL\Ocph.DAL.Source.shproj", "{FE4BE3BE-C5CF-4E3F-B710-E5FFF9D4D172}"
EndProject
Project("{FAE04EC0-301F-11D3-BF4B-00C04F79EFBC}") = "Ocph.DAL.MySql", "Ocph.DAL.MySql\Ocph.DAL.MySql.csproj", "{1D214807-E808-44B9-A10B-018E7D682263}"
EndProject
Project("{FAE04EC0-301F-11D3-BF4B-00C04F79EFBC}") = "WpfApp1", "WpfApp1\WpfApp1.csproj", "{B6899EEA-65BF-4723-B588-A8971F81BC54}"
EndProject
Global
	GlobalSection(SharedMSBuildProjectFiles) = preSolution
		Ocph.DAL\Ocph.DAL.projitems*{fe4be3be-c5cf-4e3f-b710-e5fff9d4d172}*SharedItemsImports = 13
	EndGlobalSection
	GlobalSection(SolutionConfigurationPlatforms) = preSolution
		Debug|Any CPU = Debug|Any CPU
		Release|Any CPU = Release|Any CPU
	EndGlobalSection
	GlobalSection(ProjectConfigurationPlatforms) = postSolution
		{1D214807-E808-44B9-A10B-018E7D682263}.Debug|Any CPU.ActiveCfg = Debug|Any CPU
		{1D214807-E808-44B9-A10B-018E7D682263}.Debug|Any CPU.Build.0 = Debug|Any CPU
		{1D214807-E808-44B9-A10B-018E7D682263}.Release|Any CPU.ActiveCfg = Release|Any CPU
		{1D214807-E808-44B9-A10B-018E7D682263}.Release|Any CPU.Build.0 = Release|Any CPU
		{B6899EEA-65BF-4723-B588-A8971F81BC54}.Debug|Any CPU.ActiveCfg = Debug|Any CPU
		{B6899EEA-65BF-4723-B588-A8971F81BC54}.Debug|Any CPU.Build.0 = Debug|Any CPU
		{B6899EEA-65BF-4723-B588-A8971F81BC54}.Release|Any CPU.ActiveCfg = Release|Any CPU
		{B6899EEA-65BF-4723-B588-A8971F81BC54}.Release|Any CPU.Build.0 = Release|Any CPU
	EndGlobalSection
	GlobalSection(SolutionProperties) = preSolution
		HideSolutionNode = FALSE
	EndGlobalSection
	GlobalSection(ExtensibilityGlobals) = postSolution
		SolutionGuid = {16004F2B-040F-4E64-81A0-4DD44AD3D3BD}
	EndGlobalSection
EndGlobal
